
Microsoft Visual Studio Solution File, Format Version 12.00
# Visual Studio Version 17
VisualStudioVersion = 17.11.35327.3
MinimumVisualStudioVersion = 10.0.40219.1
Project("{FAE04EC0-301F-11D3-BF4B-00C04F79EFBC}") = "ElectronicStore.Api", "ElectronicStore.Api\ElectronicStore.Api.csproj", "{6EBFFB96-0010-466A-A4FE-83501922767F}"
EndProject
Global
	GlobalSection(SolutionConfigurationPlatforms) = preSolution
		Debug|Any CPU = Debug|Any CPU
		Release|Any CPU = Release|Any CPU
	EndGlobalSection
	GlobalSection(ProjectConfigurationPlatforms) = postSolution
		{6EBFFB96-0010-466A-A4FE-83501922767F}.Debug|Any CPU.ActiveCfg = Debug|Any CPU
		{6EBFFB96-0010-466A-A4FE-83501922767F}.Debug|Any CPU.Build.0 = Debug|Any CPU
		{6EBFFB96-0010-466A-A4FE-83501922767F}.Release|Any CPU.ActiveCfg = Release|Any CPU
		{6EBFFB96-0010-466A-A4FE-83501922767F}.Release|Any CPU.Build.0 = Release|Any CPU
	EndGlobalSection
	GlobalSection(SolutionProperties) = preSolution
		HideSolutionNode = FALSE
	EndGlobalSection
	GlobalSection(ExtensibilityGlobals) = postSolution
		SolutionGuid = {CA094BA8-50AD-416E-9A98-12C54A4647EC}
	EndGlobalSection
EndGlobal
